# This file is automatically @generated by Cargo.
# It is not intended for manual editing.
version = 4

[[package]]
name = "ed25519-compact"
version = "2.2.0"
source = "registry+https://github.com/rust-lang/crates.io-index"
checksum = "33ce99a9e19c84beb4cc35ece85374335ccc398240712114c85038319ed709bd"

[[package]]
name = "esp-solana"
version = "0.1.0"
dependencies = [
 "ed25519-compact",
 "hmac-sha256",
 "hmac-sha512",
]

[[package]]
name = "hmac-sha256"
version = "1.1.14"
source = "registry+https://github.com/rust-lang/crates.io-index"
checksum = "ec9d92d097f4749b64e8cc33d924d9f40a2d4eb91402b458014b781f5733d60f"

[[package]]
name = "hmac-sha512"
version = "1.1.12"
source = "registry+https://github.com/rust-lang/crates.io-index"
checksum = "019ece39bbefc17f13f677a690328cb978dbf6790e141a3c24e66372cb38588b"
